
Microsoft Visual Studio Solution File, Format Version 12.00
# Visual Studio Version 16
VisualStudioVersion = 16.0.34031.81
MinimumVisualStudioVersion = 10.0.40219.1
Project("{8BC9CEB8-8B4A-11D0-8D11-00A0C91BC942}") = "Advanced_Lighting", "Advanced_Lighting\Advanced_Lighting.vcxproj", "{69BDA0F4-B3A9-4DC6-BCE2-BCA42CB755E5}"
EndProject
Project("{8BC9CEB8-8B4A-11D0-8D11-00A0C91BC942}") = "Gamma_Correction", "Gamma_Correction\Gamma_Correction.vcxproj", "{7C21FFE6-FC39-410E-861B-6AA0B339C6B8}"
EndProject
Project("{8BC9CEB8-8B4A-11D0-8D11-00A0C91BC942}") = "Shadow_Mapping_1", "Shadow_Mapping_1\Shadow_Mapping_1.vcxproj", "{467614C8-0D80-45BA-9411-C5D37651DC49}"
EndProject
Project("{8BC9CEB8-8B4A-11D0-8D11-00A0C91BC942}") = "Shadow_Mapping_2", "Shadow_Mapping_2\Shadow_Mapping_2.vcxproj", "{E1297FC4-3278-4687-B142-8564A2E876C3}"
EndProject
Project("{8BC9CEB8-8B4A-11D0-8D11-00A0C91BC942}") = "Point_Shadows", "Point_Shadows\Point_Shadows.vcxproj", "{8BF5289D-11B1-4505-8005-C44B21F46BE2}"
EndProject
Project("{8BC9CEB8-8B4A-11D0-8D11-00A0C91BC942}") = "Normal_Mapping", "Normal_Mapping\Normal_Mapping.vcxproj", "{C133C3F1-DD29-4B9F-AEC4-8C67364B76A8}"
EndProject
Project("{8BC9CEB8-8B4A-11D0-8D11-00A0C91BC942}") = "Parallax_Mapping", "Parallax_Mapping\Parallax_Mapping.vcxproj", "{6F594B4C-FE8F-4145-9EF5-7EDFE7EB7F8C}"
EndProject
Project("{8BC9CEB8-8B4A-11D0-8D11-00A0C91BC942}") = "HDR", "HDR\HDR.vcxproj", "{EFD8B211-ACCE-42A2-AEBA-B1BA3D677667}"
EndProject
Global
	GlobalSection(SolutionConfigurationPlatforms) = preSolution
		Debug|x64 = Debug|x64
		Debug|x86 = Debug|x86
		Release|x64 = Release|x64
		Release|x86 = Release|x86
	EndGlobalSection
	GlobalSection(ProjectConfigurationPlatforms) = postSolution
		{69BDA0F4-B3A9-4DC6-BCE2-BCA42CB755E5}.Debug|x64.ActiveCfg = Debug|x64
		{69BDA0F4-B3A9-4DC6-BCE2-BCA42CB755E5}.Debug|x64.Build.0 = Debug|x64
		{69BDA0F4-B3A9-4DC6-BCE2-BCA42CB755E5}.Debug|x86.ActiveCfg = Debug|Win32
		{69BDA0F4-B3A9-4DC6-BCE2-BCA42CB755E5}.Debug|x86.Build.0 = Debug|Win32
		{69BDA0F4-B3A9-4DC6-BCE2-BCA42CB755E5}.Release|x64.ActiveCfg = Release|x64
		{69BDA0F4-B3A9-4DC6-BCE2-BCA42CB755E5}.Release|x64.Build.0 = Release|x64
		{69BDA0F4-B3A9-4DC6-BCE2-BCA42CB755E5}.Release|x86.ActiveCfg = Release|Win32
		{69BDA0F4-B3A9-4DC6-BCE2-BCA42CB755E5}.Release|x86.Build.0 = Release|Win32
		{7C21FFE6-FC39-410E-861B-6AA0B339C6B8}.Debug|x64.ActiveCfg = Debug|x64
		{7C21FFE6-FC39-410E-861B-6AA0B339C6B8}.Debug|x64.Build.0 = Debug|x64
		{7C21FFE6-FC39-410E-861B-6AA0B339C6B8}.Debug|x86.ActiveCfg = Debug|Win32
		{7C21FFE6-FC39-410E-861B-6AA0B339C6B8}.Debug|x86.Build.0 = Debug|Win32
		{7C21FFE6-FC39-410E-861B-6AA0B339C6B8}.Release|x64.ActiveCfg = Release|x64
		{7C21FFE6-FC39-410E-861B-6AA0B339C6B8}.Release|x64.Build.0 = Release|x64
		{7C21FFE6-FC39-410E-861B-6AA0B339C6B8}.Release|x86.ActiveCfg = Release|Win32
		{7C21FFE6-FC39-410E-861B-6AA0B339C6B8}.Release|x86.Build.0 = Release|Win32
		{467614C8-0D80-45BA-9411-C5D37651DC49}.Debug|x64.ActiveCfg = Debug|x64
		{467614C8-0D80-45BA-9411-C5D37651DC49}.Debug|x64.Build.0 = Debug|x64
		{467614C8-0D80-45BA-9411-C5D37651DC49}.Debug|x86.ActiveCfg = Debug|Win32
		{467614C8-0D80-45BA-9411-C5D37651DC49}.Debug|x86.Build.0 = Debug|Win32
		{467614C8-0D80-45BA-9411-C5D37651DC49}.Release|x64.ActiveCfg = Release|x64
		{467614C8-0D80-45BA-9411-C5D37651DC49}.Release|x64.Build.0 = Release|x64
		{467614C8-0D80-45BA-9411-C5D37651DC49}.Release|x86.ActiveCfg = Release|Win32
		{467614C8-0D80-45BA-9411-C5D37651DC49}.Release|x86.Build.0 = Release|Win32
		{E1297FC4-3278-4687-B142-8564A2E876C3}.Debug|x64.ActiveCfg = Debug|x64
		{E1297FC4-3278-4687-B142-8564A2E876C3}.Debug|x64.Build.0 = Debug|x64
		{E1297FC4-3278-4687-B142-8564A2E876C3}.Debug|x86.ActiveCfg = Debug|Win32
		{E1297FC4-3278-4687-B142-8564A2E876C3}.Debug|x86.Build.0 = Debug|Win32
		{E1297FC4-3278-4687-B142-8564A2E876C3}.Release|x64.ActiveCfg = Release|x64
		{E1297FC4-3278-4687-B142-8564A2E876C3}.Release|x64.Build.0 = Release|x64
		{E1297FC4-3278-4687-B142-8564A2E876C3}.Release|x86.ActiveCfg = Release|Win32
		{E1297FC4-3278-4687-B142-8564A2E876C3}.Release|x86.Build.0 = Release|Win32
		{8BF5289D-11B1-4505-8005-C44B21F46BE2}.Debug|x64.ActiveCfg = Debug|x64
		{8BF5289D-11B1-4505-8005-C44B21F46BE2}.Debug|x64.Build.0 = Debug|x64
		{8BF5289D-11B1-4505-8005-C44B21F46BE2}.Debug|x86.ActiveCfg = Debug|Win32
		{8BF5289D-11B1-4505-8005-C44B21F46BE2}.Debug|x86.Build.0 = Debug|Win32
		{8BF5289D-11B1-4505-8005-C44B21F46BE2}.Release|x64.ActiveCfg = Release|x64
		{8BF5289D-11B1-4505-8005-C44B21F46BE2}.Release|x64.Build.0 = Release|x64
		{8BF5289D-11B1-4505-8005-C44B21F46BE2}.Release|x86.ActiveCfg = Release|Win32
		{8BF5289D-11B1-4505-8005-C44B21F46BE2}.Release|x86.Build.0 = Release|Win32
		{C133C3F1-DD29-4B9F-AEC4-8C67364B76A8}.Debug|x64.ActiveCfg = Debug|x64
		{C133C3F1-DD29-4B9F-AEC4-8C67364B76A8}.Debug|x64.Build.0 = Debug|x64
		{C133C3F1-DD29-4B9F-AEC4-8C67364B76A8}.Debug|x86.ActiveCfg = Debug|Win32
		{C133C3F1-DD29-4B9F-AEC4-8C67364B76A8}.Debug|x86.Build.0 = Debug|Win32
		{C133C3F1-DD29-4B9F-AEC4-8C67364B76A8}.Release|x64.ActiveCfg = Release|x64
		{C133C3F1-DD29-4B9F-AEC4-8C67364B76A8}.Release|x64.Build.0 = Release|x64
		{C133C3F1-DD29-4B9F-AEC4-8C67364B76A8}.Release|x86.ActiveCfg = Release|Win32
		{C133C3F1-DD29-4B9F-AEC4-8C67364B76A8}.Release|x86.Build.0 = Release|Win32
		{6F594B4C-FE8F-4145-9EF5-7EDFE7EB7F8C}.Debug|x64.ActiveCfg = Debug|x64
		{6F594B4C-FE8F-4145-9EF5-7EDFE7EB7F8C}.Debug|x64.Build.0 = Debug|x64
		{6F594B4C-FE8F-4145-9EF5-7EDFE7EB7F8C}.Debug|x86.ActiveCfg = Debug|Win32
		{6F594B4C-FE8F-4145-9EF5-7EDFE7EB7F8C}.Debug|x86.Build.0 = Debug|Win32
		{6F594B4C-FE8F-4145-9EF5-7EDFE7EB7F8C}.Release|x64.ActiveCfg = Release|x64
		{6F594B4C-FE8F-4145-9EF5-7EDFE7EB7F8C}.Release|x64.Build.0 = Release|x64
		{6F594B4C-FE8F-4145-9EF5-7EDFE7EB7F8C}.Release|x86.ActiveCfg = Release|Win32
		{6F594B4C-FE8F-4145-9EF5-7EDFE7EB7F8C}.Release|x86.Build.0 = Release|Win32
		{EFD8B211-ACCE-42A2-AEBA-B1BA3D677667}.Debug|x64.ActiveCfg = Debug|x64
		{EFD8B211-ACCE-42A2-AEBA-B1BA3D677667}.Debug|x64.Build.0 = Debug|x64
		{EFD8B211-ACCE-42A2-AEBA-B1BA3D677667}.Debug|x86.ActiveCfg = Debug|Win32
		{EFD8B211-ACCE-42A2-AEBA-B1BA3D677667}.Debug|x86.Build.0 = Debug|Win32
		{EFD8B211-ACCE-42A2-AEBA-B1BA3D677667}.Release|x64.ActiveCfg = Release|x64
		{EFD8B211-ACCE-42A2-AEBA-B1BA3D677667}.Release|x64.Build.0 = Release|x64
		{EFD8B211-ACCE-42A2-AEBA-B1BA3D677667}.Release|x86.ActiveCfg = Release|Win32
		{EFD8B211-ACCE-42A2-AEBA-B1BA3D677667}.Release|x86.Build.0 = Release|Win32
	EndGlobalSection
	GlobalSection(SolutionProperties) = preSolution
		HideSolutionNode = FALSE
	EndGlobalSection
	GlobalSection(ExtensibilityGlobals) = postSolution
		SolutionGuid = {41BF3AFD-2B86-426A-8C14-8B4B0BF0A426}
	EndGlobalSection
EndGlobal
