
Microsoft Visual Studio Solution File, Format Version 12.00
# Visual Studio Version 16
VisualStudioVersion = 16.0.34031.81
MinimumVisualStudioVersion = 10.0.40219.1
Project("{8BC9CEB8-8B4A-11D0-8D11-00A0C91BC942}") = "Depth_Testing", "Depth_Testing\Depth_Testing.vcxproj", "{BAECEFC9-AC0A-47C8-8657-C18F2E7A40D6}"
EndProject
Project("{8BC9CEB8-8B4A-11D0-8D11-00A0C91BC942}") = "Stencil_Testing", "Stencil_Testing\Stencil_Testing.vcxproj", "{78EEB3C9-8E5D-44C4-91AA-060B28B1D7D5}"
EndProject
Project("{8BC9CEB8-8B4A-11D0-8D11-00A0C91BC942}") = "Blending_1", "Blending_1\Blending_1.vcxproj", "{250353E3-063C-48F3-BE3F-AFE895ADDB45}"
EndProject
Project("{8BC9CEB8-8B4A-11D0-8D11-00A0C91BC942}") = "Blending_2", "Blending_2\Blending_2.vcxproj", "{D721B275-9A2E-4F2C-A57C-E6ABF0730B3B}"
EndProject
Project("{8BC9CEB8-8B4A-11D0-8D11-00A0C91BC942}") = "Face_Culling", "Face_Culling\Face_Culling.vcxproj", "{CD3860DE-B766-4CB0-9E1D-1DB9E6AE91EC}"
EndProject
Project("{8BC9CEB8-8B4A-11D0-8D11-00A0C91BC942}") = "Face_Culling_Exercise_1", "Face_Culling_Exercise_1\Face_Culling_Exercise_1.vcxproj", "{0C9740DD-DBAE-4FA4-8C11-A7A63DE2A5B5}"
EndProject
Project("{8BC9CEB8-8B4A-11D0-8D11-00A0C91BC942}") = "Framebuffers", "Framebuffers\Framebuffers.vcxproj", "{5AE5DCE2-AD73-434C-A6DB-49A018CB7E53}"
EndProject
Project("{8BC9CEB8-8B4A-11D0-8D11-00A0C91BC942}") = "Framebuffers_Exercise_1", "Framebuffers_Exercise_1\Framebuffers_Exercise_1.vcxproj", "{E4656369-20EE-4AD2-8EFE-2C577CDFA592}"
EndProject
Project("{8BC9CEB8-8B4A-11D0-8D11-00A0C91BC942}") = "Cubemaps", "Cubemaps\Cubemaps.vcxproj", "{BC4F2A39-83EB-4654-B0A7-D32E2C78EE1A}"
EndProject
Project("{8BC9CEB8-8B4A-11D0-8D11-00A0C91BC942}") = "Uniform_Buffer_Object", "Uniform_Buffer_Object\Uniform_Buffer_Object.vcxproj", "{FB3D4CA6-8C83-4122-83AB-153E1EF1C905}"
EndProject
Project("{8BC9CEB8-8B4A-11D0-8D11-00A0C91BC942}") = "Geometry_Shader", "Geometry_Shader\Geometry_Shader.vcxproj", "{C1BA5A85-2B9F-44F7-8C86-91AC2EFF6362}"
EndProject
Project("{8BC9CEB8-8B4A-11D0-8D11-00A0C91BC942}") = "Geometry_Shader_Exploding", "Geometry_Shader_Exploding\Geometry_Shader_Exploding.vcxproj", "{9B7C05F7-0168-479B-9098-1DDB80CC6AC8}"
EndProject
Project("{8BC9CEB8-8B4A-11D0-8D11-00A0C91BC942}") = "Geometry_Shader_Normal_Visualization", "Geometry_Shader_Normal_Visualization\Geometry_Shader_Normal_Visualization.vcxproj", "{D9DE6BDA-0B11-41F3-BDF8-429AA9127074}"
EndProject
Project("{8BC9CEB8-8B4A-11D0-8D11-00A0C91BC942}") = "Instancing", "Instancing\Instancing.vcxproj", "{D403C423-8D4D-4F86-A390-C4946E2A72C4}"
EndProject
Project("{8BC9CEB8-8B4A-11D0-8D11-00A0C91BC942}") = "Instancing_2", "Instancing_2\Instancing_2.vcxproj", "{7B6991E0-6BB0-4A0C-A010-41D5DB9D8788}"
EndProject
Project("{8BC9CEB8-8B4A-11D0-8D11-00A0C91BC942}") = "Anti_Aliasing", "Anti_Aliasing\Anti_Aliasing.vcxproj", "{0DFE97D5-B2EF-4012-BFEF-43C1201BA235}"
EndProject
Global
	GlobalSection(SolutionConfigurationPlatforms) = preSolution
		Debug|x64 = Debug|x64
		Debug|x86 = Debug|x86
		Release|x64 = Release|x64
		Release|x86 = Release|x86
	EndGlobalSection
	GlobalSection(ProjectConfigurationPlatforms) = postSolution
		{BAECEFC9-AC0A-47C8-8657-C18F2E7A40D6}.Debug|x64.ActiveCfg = Debug|x64
		{BAECEFC9-AC0A-47C8-8657-C18F2E7A40D6}.Debug|x64.Build.0 = Debug|x64
		{BAECEFC9-AC0A-47C8-8657-C18F2E7A40D6}.Debug|x86.ActiveCfg = Debug|Win32
		{BAECEFC9-AC0A-47C8-8657-C18F2E7A40D6}.Debug|x86.Build.0 = Debug|Win32
		{BAECEFC9-AC0A-47C8-8657-C18F2E7A40D6}.Release|x64.ActiveCfg = Release|x64
		{BAECEFC9-AC0A-47C8-8657-C18F2E7A40D6}.Release|x64.Build.0 = Release|x64
		{BAECEFC9-AC0A-47C8-8657-C18F2E7A40D6}.Release|x86.ActiveCfg = Release|Win32
		{BAECEFC9-AC0A-47C8-8657-C18F2E7A40D6}.Release|x86.Build.0 = Release|Win32
		{78EEB3C9-8E5D-44C4-91AA-060B28B1D7D5}.Debug|x64.ActiveCfg = Debug|x64
		{78EEB3C9-8E5D-44C4-91AA-060B28B1D7D5}.Debug|x64.Build.0 = Debug|x64
		{78EEB3C9-8E5D-44C4-91AA-060B28B1D7D5}.Debug|x86.ActiveCfg = Debug|Win32
		{78EEB3C9-8E5D-44C4-91AA-060B28B1D7D5}.Debug|x86.Build.0 = Debug|Win32
		{78EEB3C9-8E5D-44C4-91AA-060B28B1D7D5}.Release|x64.ActiveCfg = Release|x64
		{78EEB3C9-8E5D-44C4-91AA-060B28B1D7D5}.Release|x64.Build.0 = Release|x64
		{78EEB3C9-8E5D-44C4-91AA-060B28B1D7D5}.Release|x86.ActiveCfg = Release|Win32
		{78EEB3C9-8E5D-44C4-91AA-060B28B1D7D5}.Release|x86.Build.0 = Release|Win32
		{250353E3-063C-48F3-BE3F-AFE895ADDB45}.Debug|x64.ActiveCfg = Debug|x64
		{250353E3-063C-48F3-BE3F-AFE895ADDB45}.Debug|x64.Build.0 = Debug|x64
		{250353E3-063C-48F3-BE3F-AFE895ADDB45}.Debug|x86.ActiveCfg = Debug|Win32
		{250353E3-063C-48F3-BE3F-AFE895ADDB45}.Debug|x86.Build.0 = Debug|Win32
		{250353E3-063C-48F3-BE3F-AFE895ADDB45}.Release|x64.ActiveCfg = Release|x64
		{250353E3-063C-48F3-BE3F-AFE895ADDB45}.Release|x64.Build.0 = Release|x64
		{250353E3-063C-48F3-BE3F-AFE895ADDB45}.Release|x86.ActiveCfg = Release|Win32
		{250353E3-063C-48F3-BE3F-AFE895ADDB45}.Release|x86.Build.0 = Release|Win32
		{D721B275-9A2E-4F2C-A57C-E6ABF0730B3B}.Debug|x64.ActiveCfg = Debug|x64
		{D721B275-9A2E-4F2C-A57C-E6ABF0730B3B}.Debug|x64.Build.0 = Debug|x64
		{D721B275-9A2E-4F2C-A57C-E6ABF0730B3B}.Debug|x86.ActiveCfg = Debug|Win32
		{D721B275-9A2E-4F2C-A57C-E6ABF0730B3B}.Debug|x86.Build.0 = Debug|Win32
		{D721B275-9A2E-4F2C-A57C-E6ABF0730B3B}.Release|x64.ActiveCfg = Release|x64
		{D721B275-9A2E-4F2C-A57C-E6ABF0730B3B}.Release|x64.Build.0 = Release|x64
		{D721B275-9A2E-4F2C-A57C-E6ABF0730B3B}.Release|x86.ActiveCfg = Release|Win32
		{D721B275-9A2E-4F2C-A57C-E6ABF0730B3B}.Release|x86.Build.0 = Release|Win32
		{CD3860DE-B766-4CB0-9E1D-1DB9E6AE91EC}.Debug|x64.ActiveCfg = Debug|x64
		{CD3860DE-B766-4CB0-9E1D-1DB9E6AE91EC}.Debug|x64.Build.0 = Debug|x64
		{CD3860DE-B766-4CB0-9E1D-1DB9E6AE91EC}.Debug|x86.ActiveCfg = Debug|Win32
		{CD3860DE-B766-4CB0-9E1D-1DB9E6AE91EC}.Debug|x86.Build.0 = Debug|Win32
		{CD3860DE-B766-4CB0-9E1D-1DB9E6AE91EC}.Release|x64.ActiveCfg = Release|x64
		{CD3860DE-B766-4CB0-9E1D-1DB9E6AE91EC}.Release|x64.Build.0 = Release|x64
		{CD3860DE-B766-4CB0-9E1D-1DB9E6AE91EC}.Release|x86.ActiveCfg = Release|Win32
		{CD3860DE-B766-4CB0-9E1D-1DB9E6AE91EC}.Release|x86.Build.0 = Release|Win32
		{0C9740DD-DBAE-4FA4-8C11-A7A63DE2A5B5}.Debug|x64.ActiveCfg = Debug|x64
		{0C9740DD-DBAE-4FA4-8C11-A7A63DE2A5B5}.Debug|x64.Build.0 = Debug|x64
		{0C9740DD-DBAE-4FA4-8C11-A7A63DE2A5B5}.Debug|x86.ActiveCfg = Debug|Win32
		{0C9740DD-DBAE-4FA4-8C11-A7A63DE2A5B5}.Debug|x86.Build.0 = Debug|Win32
		{0C9740DD-DBAE-4FA4-8C11-A7A63DE2A5B5}.Release|x64.ActiveCfg = Release|x64
		{0C9740DD-DBAE-4FA4-8C11-A7A63DE2A5B5}.Release|x64.Build.0 = Release|x64
		{0C9740DD-DBAE-4FA4-8C11-A7A63DE2A5B5}.Release|x86.ActiveCfg = Release|Win32
		{0C9740DD-DBAE-4FA4-8C11-A7A63DE2A5B5}.Release|x86.Build.0 = Release|Win32
		{5AE5DCE2-AD73-434C-A6DB-49A018CB7E53}.Debug|x64.ActiveCfg = Debug|x64
		{5AE5DCE2-AD73-434C-A6DB-49A018CB7E53}.Debug|x64.Build.0 = Debug|x64
		{5AE5DCE2-AD73-434C-A6DB-49A018CB7E53}.Debug|x86.ActiveCfg = Debug|Win32
		{5AE5DCE2-AD73-434C-A6DB-49A018CB7E53}.Debug|x86.Build.0 = Debug|Win32
		{5AE5DCE2-AD73-434C-A6DB-49A018CB7E53}.Release|x64.ActiveCfg = Release|x64
		{5AE5DCE2-AD73-434C-A6DB-49A018CB7E53}.Release|x64.Build.0 = Release|x64
		{5AE5DCE2-AD73-434C-A6DB-49A018CB7E53}.Release|x86.ActiveCfg = Release|Win32
		{5AE5DCE2-AD73-434C-A6DB-49A018CB7E53}.Release|x86.Build.0 = Release|Win32
		{E4656369-20EE-4AD2-8EFE-2C577CDFA592}.Debug|x64.ActiveCfg = Debug|x64
		{E4656369-20EE-4AD2-8EFE-2C577CDFA592}.Debug|x64.Build.0 = Debug|x64
		{E4656369-20EE-4AD2-8EFE-2C577CDFA592}.Debug|x86.ActiveCfg = Debug|Win32
		{E4656369-20EE-4AD2-8EFE-2C577CDFA592}.Debug|x86.Build.0 = Debug|Win32
		{E4656369-20EE-4AD2-8EFE-2C577CDFA592}.Release|x64.ActiveCfg = Release|x64
		{E4656369-20EE-4AD2-8EFE-2C577CDFA592}.Release|x64.Build.0 = Release|x64
		{E4656369-20EE-4AD2-8EFE-2C577CDFA592}.Release|x86.ActiveCfg = Release|Win32
		{E4656369-20EE-4AD2-8EFE-2C577CDFA592}.Release|x86.Build.0 = Release|Win32
		{BC4F2A39-83EB-4654-B0A7-D32E2C78EE1A}.Debug|x64.ActiveCfg = Debug|x64
		{BC4F2A39-83EB-4654-B0A7-D32E2C78EE1A}.Debug|x64.Build.0 = Debug|x64
		{BC4F2A39-83EB-4654-B0A7-D32E2C78EE1A}.Debug|x86.ActiveCfg = Debug|Win32
		{BC4F2A39-83EB-4654-B0A7-D32E2C78EE1A}.Debug|x86.Build.0 = Debug|Win32
		{BC4F2A39-83EB-4654-B0A7-D32E2C78EE1A}.Release|x64.ActiveCfg = Release|x64
		{BC4F2A39-83EB-4654-B0A7-D32E2C78EE1A}.Release|x64.Build.0 = Release|x64
		{BC4F2A39-83EB-4654-B0A7-D32E2C78EE1A}.Release|x86.ActiveCfg = Release|Win32
		{BC4F2A39-83EB-4654-B0A7-D32E2C78EE1A}.Release|x86.Build.0 = Release|Win32
		{FB3D4CA6-8C83-4122-83AB-153E1EF1C905}.Debug|x64.ActiveCfg = Debug|x64
		{FB3D4CA6-8C83-4122-83AB-153E1EF1C905}.Debug|x64.Build.0 = Debug|x64
		{FB3D4CA6-8C83-4122-83AB-153E1EF1C905}.Debug|x86.ActiveCfg = Debug|Win32
		{FB3D4CA6-8C83-4122-83AB-153E1EF1C905}.Debug|x86.Build.0 = Debug|Win32
		{FB3D4CA6-8C83-4122-83AB-153E1EF1C905}.Release|x64.ActiveCfg = Release|x64
		{FB3D4CA6-8C83-4122-83AB-153E1EF1C905}.Release|x64.Build.0 = Release|x64
		{FB3D4CA6-8C83-4122-83AB-153E1EF1C905}.Release|x86.ActiveCfg = Release|Win32
		{FB3D4CA6-8C83-4122-83AB-153E1EF1C905}.Release|x86.Build.0 = Release|Win32
		{C1BA5A85-2B9F-44F7-8C86-91AC2EFF6362}.Debug|x64.ActiveCfg = Debug|x64
		{C1BA5A85-2B9F-44F7-8C86-91AC2EFF6362}.Debug|x64.Build.0 = Debug|x64
		{C1BA5A85-2B9F-44F7-8C86-91AC2EFF6362}.Debug|x86.ActiveCfg = Debug|Win32
		{C1BA5A85-2B9F-44F7-8C86-91AC2EFF6362}.Debug|x86.Build.0 = Debug|Win32
		{C1BA5A85-2B9F-44F7-8C86-91AC2EFF6362}.Release|x64.ActiveCfg = Release|x64
		{C1BA5A85-2B9F-44F7-8C86-91AC2EFF6362}.Release|x64.Build.0 = Release|x64
		{C1BA5A85-2B9F-44F7-8C86-91AC2EFF6362}.Release|x86.ActiveCfg = Release|Win32
		{C1BA5A85-2B9F-44F7-8C86-91AC2EFF6362}.Release|x86.Build.0 = Release|Win32
		{9B7C05F7-0168-479B-9098-1DDB80CC6AC8}.Debug|x64.ActiveCfg = Debug|x64
		{9B7C05F7-0168-479B-9098-1DDB80CC6AC8}.Debug|x64.Build.0 = Debug|x64
		{9B7C05F7-0168-479B-9098-1DDB80CC6AC8}.Debug|x86.ActiveCfg = Debug|Win32
		{9B7C05F7-0168-479B-9098-1DDB80CC6AC8}.Debug|x86.Build.0 = Debug|Win32
		{9B7C05F7-0168-479B-9098-1DDB80CC6AC8}.Release|x64.ActiveCfg = Release|x64
		{9B7C05F7-0168-479B-9098-1DDB80CC6AC8}.Release|x64.Build.0 = Release|x64
		{9B7C05F7-0168-479B-9098-1DDB80CC6AC8}.Release|x86.ActiveCfg = Release|Win32
		{9B7C05F7-0168-479B-9098-1DDB80CC6AC8}.Release|x86.Build.0 = Release|Win32
		{D9DE6BDA-0B11-41F3-BDF8-429AA9127074}.Debug|x64.ActiveCfg = Debug|x64
		{D9DE6BDA-0B11-41F3-BDF8-429AA9127074}.Debug|x64.Build.0 = Debug|x64
		{D9DE6BDA-0B11-41F3-BDF8-429AA9127074}.Debug|x86.ActiveCfg = Debug|Win32
		{D9DE6BDA-0B11-41F3-BDF8-429AA9127074}.Debug|x86.Build.0 = Debug|Win32
		{D9DE6BDA-0B11-41F3-BDF8-429AA9127074}.Release|x64.ActiveCfg = Release|x64
		{D9DE6BDA-0B11-41F3-BDF8-429AA9127074}.Release|x64.Build.0 = Release|x64
		{D9DE6BDA-0B11-41F3-BDF8-429AA9127074}.Release|x86.ActiveCfg = Release|Win32
		{D9DE6BDA-0B11-41F3-BDF8-429AA9127074}.Release|x86.Build.0 = Release|Win32
		{D403C423-8D4D-4F86-A390-C4946E2A72C4}.Debug|x64.ActiveCfg = Debug|x64
		{D403C423-8D4D-4F86-A390-C4946E2A72C4}.Debug|x64.Build.0 = Debug|x64
		{D403C423-8D4D-4F86-A390-C4946E2A72C4}.Debug|x86.ActiveCfg = Debug|Win32
		{D403C423-8D4D-4F86-A390-C4946E2A72C4}.Debug|x86.Build.0 = Debug|Win32
		{D403C423-8D4D-4F86-A390-C4946E2A72C4}.Release|x64.ActiveCfg = Release|x64
		{D403C423-8D4D-4F86-A390-C4946E2A72C4}.Release|x64.Build.0 = Release|x64
		{D403C423-8D4D-4F86-A390-C4946E2A72C4}.Release|x86.ActiveCfg = Release|Win32
		{D403C423-8D4D-4F86-A390-C4946E2A72C4}.Release|x86.Build.0 = Release|Win32
		{7B6991E0-6BB0-4A0C-A010-41D5DB9D8788}.Debug|x64.ActiveCfg = Debug|x64
		{7B6991E0-6BB0-4A0C-A010-41D5DB9D8788}.Debug|x64.Build.0 = Debug|x64
		{7B6991E0-6BB0-4A0C-A010-41D5DB9D8788}.Debug|x86.ActiveCfg = Debug|Win32
		{7B6991E0-6BB0-4A0C-A010-41D5DB9D8788}.Debug|x86.Build.0 = Debug|Win32
		{7B6991E0-6BB0-4A0C-A010-41D5DB9D8788}.Release|x64.ActiveCfg = Release|x64
		{7B6991E0-6BB0-4A0C-A010-41D5DB9D8788}.Release|x64.Build.0 = Release|x64
		{7B6991E0-6BB0-4A0C-A010-41D5DB9D8788}.Release|x86.ActiveCfg = Release|Win32
		{7B6991E0-6BB0-4A0C-A010-41D5DB9D8788}.Release|x86.Build.0 = Release|Win32
		{0DFE97D5-B2EF-4012-BFEF-43C1201BA235}.Debug|x64.ActiveCfg = Debug|x64
		{0DFE97D5-B2EF-4012-BFEF-43C1201BA235}.Debug|x64.Build.0 = Debug|x64
		{0DFE97D5-B2EF-4012-BFEF-43C1201BA235}.Debug|x86.ActiveCfg = Debug|Win32
		{0DFE97D5-B2EF-4012-BFEF-43C1201BA235}.Debug|x86.Build.0 = Debug|Win32
		{0DFE97D5-B2EF-4012-BFEF-43C1201BA235}.Release|x64.ActiveCfg = Release|x64
		{0DFE97D5-B2EF-4012-BFEF-43C1201BA235}.Release|x64.Build.0 = Release|x64
		{0DFE97D5-B2EF-4012-BFEF-43C1201BA235}.Release|x86.ActiveCfg = Release|Win32
		{0DFE97D5-B2EF-4012-BFEF-43C1201BA235}.Release|x86.Build.0 = Release|Win32
	EndGlobalSection
	GlobalSection(SolutionProperties) = preSolution
		HideSolutionNode = FALSE
	EndGlobalSection
	GlobalSection(ExtensibilityGlobals) = postSolution
		SolutionGuid = {F0BDF02A-EDE1-45D3-96A5-BEE0DA67E7A4}
	EndGlobalSection
EndGlobal
