
Microsoft Visual Studio Solution File, Format Version 12.00
# Visual Studio Version 16
VisualStudioVersion = 16.0.33801.447
MinimumVisualStudioVersion = 10.0.40219.1
Project("{8BC9CEB8-8B4A-11D0-8D11-00A0C91BC942}") = "HelloTriangle", "HelloTriangle\HelloTriangle.vcxproj", "{64987146-9F47-44FF-AAD6-CDCEBE7DB25C}"
EndProject
Project("{8BC9CEB8-8B4A-11D0-8D11-00A0C91BC942}") = "HelloTriangle_Quiz_1", "HelloTriangle_Quiz_1\HelloTriangle_Quiz_1.vcxproj", "{A8E0AB24-9ECD-4D62-B647-0797502DD4E4}"
EndProject
Project("{8BC9CEB8-8B4A-11D0-8D11-00A0C91BC942}") = "HelloTriangle_Quiz_2", "HelloTriangle_Quiz_2\HelloTriangle_Quiz_2.vcxproj", "{6F11160D-135A-49FC-BB51-D089E2321525}"
EndProject
Project("{8BC9CEB8-8B4A-11D0-8D11-00A0C91BC942}") = "HelloTriangle_Quiz_3", "HelloTriangle_Quiz_3\HelloTriangle_Quiz_3.vcxproj", "{5A35E220-37E7-418A-A8DF-457D5A00A68C}"
EndProject
Project("{8BC9CEB8-8B4A-11D0-8D11-00A0C91BC942}") = "Shaders", "Shaders\Shaders.vcxproj", "{16404997-ECD6-474D-BF4A-CD89DDB07C81}"
EndProject
Project("{8BC9CEB8-8B4A-11D0-8D11-00A0C91BC942}") = "Shaders_Quiz_1", "Shaders_Quiz_1\Shaders_Quiz_1.vcxproj", "{96009BC3-E189-42E4-A3CF-F4CFF1E0C527}"
EndProject
Global
	GlobalSection(SolutionConfigurationPlatforms) = preSolution
		Debug|x64 = Debug|x64
		Debug|x86 = Debug|x86
		Release|x64 = Release|x64
		Release|x86 = Release|x86
	EndGlobalSection
	GlobalSection(ProjectConfigurationPlatforms) = postSolution
		{64987146-9F47-44FF-AAD6-CDCEBE7DB25C}.Debug|x64.ActiveCfg = Debug|x64
		{64987146-9F47-44FF-AAD6-CDCEBE7DB25C}.Debug|x64.Build.0 = Debug|x64
		{64987146-9F47-44FF-AAD6-CDCEBE7DB25C}.Debug|x86.ActiveCfg = Debug|Win32
		{64987146-9F47-44FF-AAD6-CDCEBE7DB25C}.Debug|x86.Build.0 = Debug|Win32
		{64987146-9F47-44FF-AAD6-CDCEBE7DB25C}.Release|x64.ActiveCfg = Release|x64
		{64987146-9F47-44FF-AAD6-CDCEBE7DB25C}.Release|x64.Build.0 = Release|x64
		{64987146-9F47-44FF-AAD6-CDCEBE7DB25C}.Release|x86.ActiveCfg = Release|Win32
		{64987146-9F47-44FF-AAD6-CDCEBE7DB25C}.Release|x86.Build.0 = Release|Win32
		{A8E0AB24-9ECD-4D62-B647-0797502DD4E4}.Debug|x64.ActiveCfg = Debug|x64
		{A8E0AB24-9ECD-4D62-B647-0797502DD4E4}.Debug|x64.Build.0 = Debug|x64
		{A8E0AB24-9ECD-4D62-B647-0797502DD4E4}.Debug|x86.ActiveCfg = Debug|Win32
		{A8E0AB24-9ECD-4D62-B647-0797502DD4E4}.Debug|x86.Build.0 = Debug|Win32
		{A8E0AB24-9ECD-4D62-B647-0797502DD4E4}.Release|x64.ActiveCfg = Release|x64
		{A8E0AB24-9ECD-4D62-B647-0797502DD4E4}.Release|x64.Build.0 = Release|x64
		{A8E0AB24-9ECD-4D62-B647-0797502DD4E4}.Release|x86.ActiveCfg = Release|Win32
		{A8E0AB24-9ECD-4D62-B647-0797502DD4E4}.Release|x86.Build.0 = Release|Win32
		{6F11160D-135A-49FC-BB51-D089E2321525}.Debug|x64.ActiveCfg = Debug|x64
		{6F11160D-135A-49FC-BB51-D089E2321525}.Debug|x64.Build.0 = Debug|x64
		{6F11160D-135A-49FC-BB51-D089E2321525}.Debug|x86.ActiveCfg = Debug|Win32
		{6F11160D-135A-49FC-BB51-D089E2321525}.Debug|x86.Build.0 = Debug|Win32
		{6F11160D-135A-49FC-BB51-D089E2321525}.Release|x64.ActiveCfg = Release|x64
		{6F11160D-135A-49FC-BB51-D089E2321525}.Release|x64.Build.0 = Release|x64
		{6F11160D-135A-49FC-BB51-D089E2321525}.Release|x86.ActiveCfg = Release|Win32
		{6F11160D-135A-49FC-BB51-D089E2321525}.Release|x86.Build.0 = Release|Win32
		{5A35E220-37E7-418A-A8DF-457D5A00A68C}.Debug|x64.ActiveCfg = Debug|x64
		{5A35E220-37E7-418A-A8DF-457D5A00A68C}.Debug|x64.Build.0 = Debug|x64
		{5A35E220-37E7-418A-A8DF-457D5A00A68C}.Debug|x86.ActiveCfg = Debug|Win32
		{5A35E220-37E7-418A-A8DF-457D5A00A68C}.Debug|x86.Build.0 = Debug|Win32
		{5A35E220-37E7-418A-A8DF-457D5A00A68C}.Release|x64.ActiveCfg = Release|x64
		{5A35E220-37E7-418A-A8DF-457D5A00A68C}.Release|x64.Build.0 = Release|x64
		{5A35E220-37E7-418A-A8DF-457D5A00A68C}.Release|x86.ActiveCfg = Release|Win32
		{5A35E220-37E7-418A-A8DF-457D5A00A68C}.Release|x86.Build.0 = Release|Win32
		{16404997-ECD6-474D-BF4A-CD89DDB07C81}.Debug|x64.ActiveCfg = Debug|x64
		{16404997-ECD6-474D-BF4A-CD89DDB07C81}.Debug|x64.Build.0 = Debug|x64
		{16404997-ECD6-474D-BF4A-CD89DDB07C81}.Debug|x86.ActiveCfg = Debug|Win32
		{16404997-ECD6-474D-BF4A-CD89DDB07C81}.Debug|x86.Build.0 = Debug|Win32
		{16404997-ECD6-474D-BF4A-CD89DDB07C81}.Release|x64.ActiveCfg = Release|x64
		{16404997-ECD6-474D-BF4A-CD89DDB07C81}.Release|x64.Build.0 = Release|x64
		{16404997-ECD6-474D-BF4A-CD89DDB07C81}.Release|x86.ActiveCfg = Release|Win32
		{16404997-ECD6-474D-BF4A-CD89DDB07C81}.Release|x86.Build.0 = Release|Win32
		{96009BC3-E189-42E4-A3CF-F4CFF1E0C527}.Debug|x64.ActiveCfg = Debug|x64
		{96009BC3-E189-42E4-A3CF-F4CFF1E0C527}.Debug|x64.Build.0 = Debug|x64
		{96009BC3-E189-42E4-A3CF-F4CFF1E0C527}.Debug|x86.ActiveCfg = Debug|Win32
		{96009BC3-E189-42E4-A3CF-F4CFF1E0C527}.Debug|x86.Build.0 = Debug|Win32
		{96009BC3-E189-42E4-A3CF-F4CFF1E0C527}.Release|x64.ActiveCfg = Release|x64
		{96009BC3-E189-42E4-A3CF-F4CFF1E0C527}.Release|x64.Build.0 = Release|x64
		{96009BC3-E189-42E4-A3CF-F4CFF1E0C527}.Release|x86.ActiveCfg = Release|Win32
		{96009BC3-E189-42E4-A3CF-F4CFF1E0C527}.Release|x86.Build.0 = Release|Win32
	EndGlobalSection
	GlobalSection(SolutionProperties) = preSolution
		HideSolutionNode = FALSE
	EndGlobalSection
	GlobalSection(ExtensibilityGlobals) = postSolution
		SolutionGuid = {DE4B15BA-A21B-4F3A-874C-E6641DB1AF28}
	EndGlobalSection
EndGlobal
